
Microsoft Visual Studio Solution File, Format Version 12.00
# Visual Studio Version 16
VisualStudioVersion = 16.0.29911.84
MinimumVisualStudioVersion = 10.0.40219.1
Project("{FAE04EC0-301F-11D3-BF4B-00C04F79EFBC}") = "Ia_Tp", "Ia_Tp\Ia_Tp.csproj", "{55935028-A324-4945-B834-6CB7A35D6CF0}"
EndProject
Global
	GlobalSection(SolutionConfigurationPlatforms) = preSolution
		Debug|Any CPU = Debug|Any CPU
		Release|Any CPU = Release|Any CPU
	EndGlobalSection
	GlobalSection(ProjectConfigurationPlatforms) = postSolution
		{55935028-A324-4945-B834-6CB7A35D6CF0}.Debug|Any CPU.ActiveCfg = Debug|Any CPU
		{55935028-A324-4945-B834-6CB7A35D6CF0}.Debug|Any CPU.Build.0 = Debug|Any CPU
		{55935028-A324-4945-B834-6CB7A35D6CF0}.Release|Any CPU.ActiveCfg = Release|Any CPU
		{55935028-A324-4945-B834-6CB7A35D6CF0}.Release|Any CPU.Build.0 = Release|Any CPU
	EndGlobalSection
	GlobalSection(SolutionProperties) = preSolution
		HideSolutionNode = FALSE
	EndGlobalSection
	GlobalSection(ExtensibilityGlobals) = postSolution
		SolutionGuid = {9ABDEA6C-23D9-4438-BFEA-2F28B4DD06CF}
	EndGlobalSection
EndGlobal
